
Microsoft Visual Studio Solution File, Format Version 12.00
# Visual Studio Version 17
VisualStudioVersion = 17.5.33530.505
MinimumVisualStudioVersion = 10.0.40219.1
Project("{9A19103F-16F7-4668-BE54-9A1E7A4F7556}") = "Books", "Books.csproj", "{460B5BCA-E78B-4D5A-A351-04859784D053}"
EndProject
Global
	GlobalSection(SolutionConfigurationPlatforms) = preSolution
		Debug|Any CPU = Debug|Any CPU
		Release|Any CPU = Release|Any CPU
	EndGlobalSection
	GlobalSection(ProjectConfigurationPlatforms) = postSolution
		{460B5BCA-E78B-4D5A-A351-04859784D053}.Debug|Any CPU.ActiveCfg = Debug|Any CPU
		{460B5BCA-E78B-4D5A-A351-04859784D053}.Debug|Any CPU.Build.0 = Debug|Any CPU
		{460B5BCA-E78B-4D5A-A351-04859784D053}.Release|Any CPU.ActiveCfg = Release|Any CPU
		{460B5BCA-E78B-4D5A-A351-04859784D053}.Release|Any CPU.Build.0 = Release|Any CPU
	EndGlobalSection
	GlobalSection(SolutionProperties) = preSolution
		HideSolutionNode = FALSE
	EndGlobalSection
	GlobalSection(ExtensibilityGlobals) = postSolution
		SolutionGuid = {D8BE49B6-389B-457A-9620-341181672494}
	EndGlobalSection
EndGlobal
